
Microsoft Visual Studio Solution File, Format Version 12.00
# Visual Studio Version 17
VisualStudioVersion = 17.7.34221.43
MinimumVisualStudioVersion = 10.0.40219.1
Project("{FAE04EC0-301F-11D3-BF4B-00C04F79EFBC}") = "BackEndC#", "BackEndC#\BackEndC#.csproj", "{4A25FB16-93A2-4473-8EDF-EEA60EF84C94}"
EndProject
Global
	GlobalSection(SolutionConfigurationPlatforms) = preSolution
		Debug|Any CPU = Debug|Any CPU
		Release|Any CPU = Release|Any CPU
	EndGlobalSection
	GlobalSection(ProjectConfigurationPlatforms) = postSolution
		{4A25FB16-93A2-4473-8EDF-EEA60EF84C94}.Debug|Any CPU.ActiveCfg = Debug|Any CPU
		{4A25FB16-93A2-4473-8EDF-EEA60EF84C94}.Debug|Any CPU.Build.0 = Debug|Any CPU
		{4A25FB16-93A2-4473-8EDF-EEA60EF84C94}.Release|Any CPU.ActiveCfg = Release|Any CPU
		{4A25FB16-93A2-4473-8EDF-EEA60EF84C94}.Release|Any CPU.Build.0 = Release|Any CPU
	EndGlobalSection
	GlobalSection(SolutionProperties) = preSolution
		HideSolutionNode = FALSE
	EndGlobalSection
	GlobalSection(ExtensibilityGlobals) = postSolution
		SolutionGuid = {A5EC2112-47A6-42DB-AA59-3842323011E1}
	EndGlobalSection
EndGlobal
